
Microsoft Visual Studio Solution File, Format Version 12.00
# Visual Studio 15
VisualStudioVersion = 15.0.33403.129
MinimumVisualStudioVersion = 10.0.40219.1
Project("{FAE04EC0-301F-11D3-BF4B-00C04F79EFBC}") = "CAJAS", "CAJAS\CAJAS.csproj", "{055AC96F-EF7C-4615-A5CE-DB9A5EB21E15}"
EndProject
Global
	GlobalSection(SolutionConfigurationPlatforms) = preSolution
		Debug|Any CPU = Debug|Any CPU
		Release|Any CPU = Release|Any CPU
	EndGlobalSection
	GlobalSection(ProjectConfigurationPlatforms) = postSolution
		{055AC96F-EF7C-4615-A5CE-DB9A5EB21E15}.Debug|Any CPU.ActiveCfg = Debug|Any CPU
		{055AC96F-EF7C-4615-A5CE-DB9A5EB21E15}.Debug|Any CPU.Build.0 = Debug|Any CPU
		{055AC96F-EF7C-4615-A5CE-DB9A5EB21E15}.Release|Any CPU.ActiveCfg = Release|Any CPU
		{055AC96F-EF7C-4615-A5CE-DB9A5EB21E15}.Release|Any CPU.Build.0 = Release|Any CPU
	EndGlobalSection
	GlobalSection(SolutionProperties) = preSolution
		HideSolutionNode = FALSE
	EndGlobalSection
	GlobalSection(ExtensibilityGlobals) = postSolution
		SolutionGuid = {6103C246-4025-4438-A4E8-D1E90EFBE56A}
	EndGlobalSection
EndGlobal
